# THIS IS AN AUTOGENERATED FILE. DO NOT EDIT THIS FILE DIRECTLY.
# yarn lockfile v1


"@types/adm-zip@^0.4.33":
  version "0.4.33"
  resolved "https://registry.yarnpkg.com/@types/adm-zip/-/adm-zip-0.4.33.tgz#ea5b94f771443f655613b64f920c0555867200dd"
  integrity sha512-WM0DCWFLjXtddl0fu0+iN2ZF+qz8RF9RddG5OSy/S90AQz01Fu8lHn/3oTIZDxvG8gVcnBLAHMHOdBLbV6m6Mw==
  dependencies:
    "@types/node" "*"

"@types/bent@^7.3.2":
  version "7.3.2"
  resolved "https://registry.yarnpkg.com/@types/bent/-/bent-7.3.2.tgz#07b4f7bcec577be27cdb9e9034eb0de0242481a7"
  integrity sha512-wtE/+NIk55jVUHJFt//kxmq8cQ7ef4J2U9HO7lZqKW4lvvPYTd7KfAEKZLsFmDgmzzMvfd4cPSdv3blqVWmqSQ==
  dependencies:
    "@types/node" "*"

"@types/node@*":
  version "14.14.22"
  resolved "https://registry.yarnpkg.com/@types/node/-/node-14.14.22.tgz#0d29f382472c4ccf3bd96ff0ce47daf5b7b84b18"
  integrity sha512-g+f/qj/cNcqKkc3tFqlXOYjrmZA+jNBiDzbP3kH+B+otKFqAdPgVTGP1IeKRdMml/aE69as5S4FqtxAbl+LaMw==

adm-zip@^0.5.2:
  version "0.5.2"
  resolved "https://registry.yarnpkg.com/adm-zip/-/adm-zip-0.5.2.tgz#8128ec30f4975d977b9285ebd764ae8db03fa6db"
  integrity sha512-lUI3ZSNsfQXNYNzGjt68MdxzCs0eW29lgL74y/Y2h4nARgHmH3poFWuK3LonvFbNHFt4dTb2X/QQ4c1ZUWWsJw==

bent@^7.3.12:
  version "7.3.12"
  resolved "https://registry.yarnpkg.com/bent/-/bent-7.3.12.tgz#e0a2775d4425e7674c64b78b242af4f49da6b035"
  integrity sha512-T3yrKnVGB63zRuoco/7Ybl7BwwGZR0lceoVG5XmQyMIH9s19SV5m+a8qam4if0zQuAmOQTyPTPmsQBdAorGK3w==
  dependencies:
    bytesish "^0.4.1"
    caseless "~0.12.0"
    is-stream "^2.0.0"

bytesish@^0.4.1:
  version "0.4.4"
  resolved "https://registry.yarnpkg.com/bytesish/-/bytesish-0.4.4.tgz#f3b535a0f1153747427aee27256748cff92347e6"
  integrity sha512-i4uu6M4zuMUiyfZN4RU2+i9+peJh//pXhd9x1oSe1LBkZ3LEbCoygu8W0bXTukU1Jme2txKuotpCZRaC3FLxcQ==

caseless@~0.12.0:
  version "0.12.0"
  resolved "https://registry.yarnpkg.com/caseless/-/caseless-0.12.0.tgz#1b681c21ff84033c826543090689420d187151dc"
  integrity sha1-G2gcIf+EAzyCZUMJBolCDRhxUdw=

is-stream@^2.0.0:
  version "2.0.0"
  resolved "https://registry.yarnpkg.com/is-stream/-/is-stream-2.0.0.tgz#bde9c32680d6fae04129d6ac9d921ce7815f78e3"
  integrity sha512-XCoy+WlUr7d1+Z8GgSuXmpuUFC9fOhRXglJMx+dwLKTkL44Cjd4W1Z5P+BQZpr+cR93aGP4S/s7Ftw6Nd/kiEw==

typescript@^4.1.3:
  version "4.1.3"
  resolved "https://registry.yarnpkg.com/typescript/-/typescript-4.1.3.tgz#519d582bd94cba0cf8934c7d8e8467e473f53bb7"
  integrity sha512-B3ZIOf1IKeH2ixgHhj6la6xdwR9QrLC5d1VKeCSY4tvkqhF2eqd9O7txNlS0PO3GrBAFIdr3L1ndNwteUbZLYg==
